
Microsoft Visual Studio Solution File, Format Version 12.00
# Visual Studio 15
VisualStudioVersion = 15.0.26730.16
MinimumVisualStudioVersion = 10.0.40219.1
Project("{FAE04EC0-301F-11D3-BF4B-00C04F79EFBC}") = "Mantiss_Tests", "Mantiss_Tests.csproj", "{B249B363-F476-44DD-BDB8-5A05BF4CD1F6}"
EndProject
Global
	GlobalSection(SolutionConfigurationPlatforms) = preSolution
		Debug|Any CPU = Debug|Any CPU
		Release|Any CPU = Release|Any CPU
	EndGlobalSection
	GlobalSection(ProjectConfigurationPlatforms) = postSolution
		{B249B363-F476-44DD-BDB8-5A05BF4CD1F6}.Debug|Any CPU.ActiveCfg = Debug|Any CPU
		{B249B363-F476-44DD-BDB8-5A05BF4CD1F6}.Debug|Any CPU.Build.0 = Debug|Any CPU
		{B249B363-F476-44DD-BDB8-5A05BF4CD1F6}.Release|Any CPU.ActiveCfg = Release|Any CPU
		{B249B363-F476-44DD-BDB8-5A05BF4CD1F6}.Release|Any CPU.Build.0 = Release|Any CPU
	EndGlobalSection
	GlobalSection(SolutionProperties) = preSolution
		HideSolutionNode = FALSE
	EndGlobalSection
	GlobalSection(ExtensibilityGlobals) = postSolution
		SolutionGuid = {126775ED-4846-4973-A332-E478BE7AE52E}
	EndGlobalSection
EndGlobal
